
Microsoft Visual Studio Solution File, Format Version 12.00
# Visual Studio Version 17
VisualStudioVersion = 17.0.31912.275
MinimumVisualStudioVersion = 10.0.40219.1
Project("{FAE04EC0-301F-11D3-BF4B-00C04F79EFBC}") = "FunctionsDemo", "FunctionsDemo\FunctionsDemo.csproj", "{6C078337-CEBC-4B1A-BEC7-0B5D32EF0E2D}"
EndProject
Global
	GlobalSection(SolutionConfigurationPlatforms) = preSolution
		Debug|Any CPU = Debug|Any CPU
		Release|Any CPU = Release|Any CPU
	EndGlobalSection
	GlobalSection(ProjectConfigurationPlatforms) = postSolution
		{6C078337-CEBC-4B1A-BEC7-0B5D32EF0E2D}.Debug|Any CPU.ActiveCfg = Debug|Any CPU
		{6C078337-CEBC-4B1A-BEC7-0B5D32EF0E2D}.Debug|Any CPU.Build.0 = Debug|Any CPU
		{6C078337-CEBC-4B1A-BEC7-0B5D32EF0E2D}.Release|Any CPU.ActiveCfg = Release|Any CPU
		{6C078337-CEBC-4B1A-BEC7-0B5D32EF0E2D}.Release|Any CPU.Build.0 = Release|Any CPU
	EndGlobalSection
	GlobalSection(SolutionProperties) = preSolution
		HideSolutionNode = FALSE
	EndGlobalSection
	GlobalSection(ExtensibilityGlobals) = postSolution
		SolutionGuid = {FA8E736C-F114-4496-9DCC-27E9FEC260B4}
	EndGlobalSection
EndGlobal
